
Microsoft Visual Studio Solution File, Format Version 12.00
# Visual Studio Version 17
VisualStudioVersion = 17.9.34728.123
MinimumVisualStudioVersion = 10.0.40219.1
Project("{9A19103F-16F7-4668-BE54-9A1E7A4F7556}") = "09. Palindrom Number", "9. Palindrom Number\09. Palindrom Number.csproj", "{AFD0ABCA-9D12-4411-BC32-240A617DF92A}"
EndProject
Project("{9A19103F-16F7-4668-BE54-9A1E7A4F7556}") = "26. Remove Duplicates from Sorted Array", "26. Remove Duplicates from Sorted Array\26. Remove Duplicates from Sorted Array.csproj", "{BB081993-AA42-4378-80C7-C2D062202953}"
EndProject
Project("{9A19103F-16F7-4668-BE54-9A1E7A4F7556}") = "27. Remove Element", "27. Remove Element\27. Remove Element.csproj", "{025CD9C0-FB7B-46B7-A2C6-EA0EDA2FE587}"
EndProject
Project("{9A19103F-16F7-4668-BE54-9A1E7A4F7556}") = "88. Merge Sorted Array", "88. Merge Sorted Array\88. Merge Sorted Array.csproj", "{BF5D885C-0C5D-42DB-A8D8-0D95A970C625}"
EndProject
Project("{FAE04EC0-301F-11D3-BF4B-00C04F79EFBC}") = "66. Plus One", "66. Plus One\66. Plus One.csproj", "{74077396-D3F9-44E9-AA35-59A2EC1933A1}"
EndProject
Project("{FAE04EC0-301F-11D3-BF4B-00C04F79EFBC}") = "172. Factorial Trailing Zeroes", "172. Factorial Trailing Zeroes\172. Factorial Trailing Zeroes.csproj", "{5AC9D657-5D08-41F2-8120-1879199A3E25}"
EndProject
Project("{FAE04EC0-301F-11D3-BF4B-00C04F79EFBC}") = "69. Sqrt(x)", "69. Sqrt(x)\69. Sqrt(x).csproj", "{1A76C940-27DC-43C9-864A-BE4392061C12}"
EndProject
Global
	GlobalSection(SolutionConfigurationPlatforms) = preSolution
		Debug|Any CPU = Debug|Any CPU
		Release|Any CPU = Release|Any CPU
	EndGlobalSection
	GlobalSection(ProjectConfigurationPlatforms) = postSolution
		{AFD0ABCA-9D12-4411-BC32-240A617DF92A}.Debug|Any CPU.ActiveCfg = Debug|Any CPU
		{AFD0ABCA-9D12-4411-BC32-240A617DF92A}.Debug|Any CPU.Build.0 = Debug|Any CPU
		{AFD0ABCA-9D12-4411-BC32-240A617DF92A}.Release|Any CPU.ActiveCfg = Release|Any CPU
		{AFD0ABCA-9D12-4411-BC32-240A617DF92A}.Release|Any CPU.Build.0 = Release|Any CPU
		{BB081993-AA42-4378-80C7-C2D062202953}.Debug|Any CPU.ActiveCfg = Debug|Any CPU
		{BB081993-AA42-4378-80C7-C2D062202953}.Debug|Any CPU.Build.0 = Debug|Any CPU
		{BB081993-AA42-4378-80C7-C2D062202953}.Release|Any CPU.ActiveCfg = Release|Any CPU
		{BB081993-AA42-4378-80C7-C2D062202953}.Release|Any CPU.Build.0 = Release|Any CPU
		{025CD9C0-FB7B-46B7-A2C6-EA0EDA2FE587}.Debug|Any CPU.ActiveCfg = Debug|Any CPU
		{025CD9C0-FB7B-46B7-A2C6-EA0EDA2FE587}.Debug|Any CPU.Build.0 = Debug|Any CPU
		{025CD9C0-FB7B-46B7-A2C6-EA0EDA2FE587}.Release|Any CPU.ActiveCfg = Release|Any CPU
		{025CD9C0-FB7B-46B7-A2C6-EA0EDA2FE587}.Release|Any CPU.Build.0 = Release|Any CPU
		{BF5D885C-0C5D-42DB-A8D8-0D95A970C625}.Debug|Any CPU.ActiveCfg = Debug|Any CPU
		{BF5D885C-0C5D-42DB-A8D8-0D95A970C625}.Debug|Any CPU.Build.0 = Debug|Any CPU
		{BF5D885C-0C5D-42DB-A8D8-0D95A970C625}.Release|Any CPU.ActiveCfg = Release|Any CPU
		{BF5D885C-0C5D-42DB-A8D8-0D95A970C625}.Release|Any CPU.Build.0 = Release|Any CPU
		{74077396-D3F9-44E9-AA35-59A2EC1933A1}.Debug|Any CPU.ActiveCfg = Debug|Any CPU
		{74077396-D3F9-44E9-AA35-59A2EC1933A1}.Debug|Any CPU.Build.0 = Debug|Any CPU
		{74077396-D3F9-44E9-AA35-59A2EC1933A1}.Release|Any CPU.ActiveCfg = Release|Any CPU
		{74077396-D3F9-44E9-AA35-59A2EC1933A1}.Release|Any CPU.Build.0 = Release|Any CPU
		{5AC9D657-5D08-41F2-8120-1879199A3E25}.Debug|Any CPU.ActiveCfg = Debug|Any CPU
		{5AC9D657-5D08-41F2-8120-1879199A3E25}.Debug|Any CPU.Build.0 = Debug|Any CPU
		{5AC9D657-5D08-41F2-8120-1879199A3E25}.Release|Any CPU.ActiveCfg = Release|Any CPU
		{5AC9D657-5D08-41F2-8120-1879199A3E25}.Release|Any CPU.Build.0 = Release|Any CPU
		{1A76C940-27DC-43C9-864A-BE4392061C12}.Debug|Any CPU.ActiveCfg = Debug|Any CPU
		{1A76C940-27DC-43C9-864A-BE4392061C12}.Debug|Any CPU.Build.0 = Debug|Any CPU
		{1A76C940-27DC-43C9-864A-BE4392061C12}.Release|Any CPU.ActiveCfg = Release|Any CPU
		{1A76C940-27DC-43C9-864A-BE4392061C12}.Release|Any CPU.Build.0 = Release|Any CPU
	EndGlobalSection
	GlobalSection(SolutionProperties) = preSolution
		HideSolutionNode = FALSE
	EndGlobalSection
	GlobalSection(ExtensibilityGlobals) = postSolution
		SolutionGuid = {582C1ADF-1DF0-4DDB-8F27-26359BEE7AD4}
	EndGlobalSection
EndGlobal
